{
  "name": "@sa/color",
  "version": "0.1.1",
  "lockfileVersion": 3,
  "requires": true,
  "packages": {
    "": {
      "name": "@sa/color",
      "version": "0.1.1",
      "dependencies": {
        "@sa/color": "file:",
        "colord": "2.9.3"
      }
    },
    "node_modules/@sa/color": {
      "resolved": "",
      "link": true
    },
    "node_modules/colord": {
      "version": "2.9.3",
      "resolved": "https://registry.npmjs.org/colord/-/colord-2.9.3.tgz",
      "integrity": "sha512-jeC1axXpnb0/2nn/Y1LPuLdgXBLH7aDcHu4KEKfqw3CUhX7ZpfBSlPKyqXE6btIgEzfWtrX3/tyBCaCvXvMkOw=="
    }
  }
}
